
Microsoft Visual Studio Solution File, Format Version 12.00
# Visual Studio Version 17
VisualStudioVersion = 17.0.31903.59
MinimumVisualStudioVersion = 10.0.40219.1
Project("{2150E333-8FDC-42A3-9474-1A3956D46DE8}") = "main", "main", "{48607D4E-25F8-467B-BF0B-C0638D8BDFDC}"
EndProject
Project("{9A19103F-16F7-4668-BE54-9A1E7A4F7556}") = "Doctor.Appointment", "src\main\Doctor.Appointment\Doctor.Appointment.csproj", "{64430A23-E2E0-471D-B9F9-31E4E4C834E8}"
EndProject
Project("{2150E333-8FDC-42A3-9474-1A3956D46DE8}") = "modules", "modules", "{FEFDF7E8-02E1-425F-92FA-EF122D91357F}"
EndProject
Project("{2150E333-8FDC-42A3-9474-1A3956D46DE8}") = "DoctorAvailability", "DoctorAvailability", "{93CAAE1B-501E-4E10-B30A-F27F63A0B8A9}"
EndProject
Project("{2150E333-8FDC-42A3-9474-1A3956D46DE8}") = "src", "src", "{05D73BAF-BE88-47B2-B439-A9C4A878107A}"
EndProject
Project("{9A19103F-16F7-4668-BE54-9A1E7A4F7556}") = "Doctor.Availability.Application", "src\modules\DoctorAvailability\src\Doctor.Availability.Application\Doctor.Availability.Application.csproj", "{63A8EB53-9107-4F89-9F89-9E8740868751}"
EndProject
Project("{9A19103F-16F7-4668-BE54-9A1E7A4F7556}") = "Doctor.Availability.Domain", "src\modules\DoctorAvailability\src\Doctor.Availability.Domain\Doctor.Availability.Domain.csproj", "{C95B0820-0258-4993-AD9D-937D54F7C8AF}"
EndProject
Project("{9A19103F-16F7-4668-BE54-9A1E7A4F7556}") = "Doctor.Availability.EntityFrameworkCore", "src\modules\DoctorAvailability\src\Doctor.Availability.EntityFrameworkCore\Doctor.Availability.EntityFrameworkCore.csproj", "{9872C957-A54A-44DA-B54B-17DFBA5F72EE}"
EndProject
Project("{9A19103F-16F7-4668-BE54-9A1E7A4F7556}") = "Doctor.Availability.DbMigrator", "src\modules\DoctorAvailability\src\Doctor.Availability.DbMigrator\Doctor.Availability.DbMigrator.csproj", "{2344B5AE-9DC3-4667-B877-D46AA6881D68}"
EndProject
Project("{9A19103F-16F7-4668-BE54-9A1E7A4F7556}") = "Doctor.Availability.HttpApi.Host", "src\modules\DoctorAvailability\src\Doctor.Availability.HttpApi.Host\Doctor.Availability.HttpApi.Host.csproj", "{00A8493E-5167-416E-8929-0C8A7A456899}"
EndProject
Project("{2150E333-8FDC-42A3-9474-1A3956D46DE8}") = "test", "test", "{5C0C0D1D-A1B6-49A9-9C80-7687A97469EB}"
EndProject
Project("{9A19103F-16F7-4668-BE54-9A1E7A4F7556}") = "Doctor.Availability.Application.Tests", "src\modules\DoctorAvailability\test\Doctor.Availability.Application.Tests\Doctor.Availability.Application.Tests.csproj", "{F17298A8-EE10-47A8-B62C-424303301355}"
EndProject
Project("{9A19103F-16F7-4668-BE54-9A1E7A4F7556}") = "Doctor.Availability.Domain.Tests", "src\modules\DoctorAvailability\test\Doctor.Availability.Domain.Tests\Doctor.Availability.Domain.Tests.csproj", "{E2CCA645-997C-4079-9B76-30221A67678E}"
EndProject
Project("{9A19103F-16F7-4668-BE54-9A1E7A4F7556}") = "Doctor.Availability.EntityFrameworkCore.Tests", "src\modules\DoctorAvailability\test\Doctor.Availability.EntityFrameworkCore.Tests\Doctor.Availability.EntityFrameworkCore.Tests.csproj", "{7BAA5577-D735-4790-9C81-DA206565B1F5}"
EndProject
Project("{9A19103F-16F7-4668-BE54-9A1E7A4F7556}") = "Doctor.Availability.TestBase", "src\modules\DoctorAvailability\test\Doctor.Availability.TestBase\Doctor.Availability.TestBase.csproj", "{2DC8171B-5220-4593-92B3-2DAF3E7C398F}"
EndProject
Project("{9A19103F-16F7-4668-BE54-9A1E7A4F7556}") = "Doctor.Availability.Share", "src\modules\DoctorAvailability\src\Doctor.Availability.Share\Doctor.Availability.Share.csproj", "{11FF9C0D-0492-454C-B2F9-94E64AE0CD3C}"
EndProject
Project("{2150E333-8FDC-42A3-9474-1A3956D46DE8}") = "AppointmentBooking", "AppointmentBooking", "{C689C5E7-8333-46A7-84C5-67F60E728AF8}"
EndProject
Project("{2150E333-8FDC-42A3-9474-1A3956D46DE8}") = "src", "src", "{2CCA7970-19DC-49D9-A873-68783FA1FB98}"
EndProject
Project("{2150E333-8FDC-42A3-9474-1A3956D46DE8}") = "test", "test", "{5A4A9CF2-BDD4-4991-8FD9-487882A1349B}"
EndProject
Project("{9A19103F-16F7-4668-BE54-9A1E7A4F7556}") = "Appointment.Booking.Application", "src\modules\AppointmentBooking\src\Appointment.Booking.Application\Appointment.Booking.Application.csproj", "{C5D0E746-2C44-4159-B5DD-851244B7053E}"
EndProject
Project("{9A19103F-16F7-4668-BE54-9A1E7A4F7556}") = "Appointment.Booking.Application.Contracts", "src\modules\AppointmentBooking\src\Appointment.Booking.Application.Contracts\Appointment.Booking.Application.Contracts.csproj", "{ECC54996-0CEE-4E7C-81FE-325DA441A994}"
EndProject
Project("{9A19103F-16F7-4668-BE54-9A1E7A4F7556}") = "Appointment.Booking.DbMigrator", "src\modules\AppointmentBooking\src\Appointment.Booking.DbMigrator\Appointment.Booking.DbMigrator.csproj", "{56C0328B-A73A-40AE-8D8B-7ADE9A3BCF4A}"
EndProject
Project("{9A19103F-16F7-4668-BE54-9A1E7A4F7556}") = "Appointment.Booking.Domain", "src\modules\AppointmentBooking\src\Appointment.Booking.Domain\Appointment.Booking.Domain.csproj", "{675E777D-86FA-43E7-AFCC-01F71B04C8A7}"
EndProject
Project("{9A19103F-16F7-4668-BE54-9A1E7A4F7556}") = "Appointment.Booking.Domain.Shared", "src\modules\AppointmentBooking\src\Appointment.Booking.Domain.Shared\Appointment.Booking.Domain.Shared.csproj", "{7B168016-5976-40C5-BB73-DFE893E8CB23}"
EndProject
Project("{9A19103F-16F7-4668-BE54-9A1E7A4F7556}") = "Appointment.Booking.EntityFrameworkCore", "src\modules\AppointmentBooking\src\Appointment.Booking.EntityFrameworkCore\Appointment.Booking.EntityFrameworkCore.csproj", "{B7555DAC-B42A-4D44-A93D-D0C933F700D8}"
EndProject
Project("{9A19103F-16F7-4668-BE54-9A1E7A4F7556}") = "Appointment.Booking.HttpApi.Host", "src\modules\AppointmentBooking\src\Appointment.Booking.HttpApi.Host\Appointment.Booking.HttpApi.Host.csproj", "{EE3A9E2C-4D72-4141-ADDB-BBFE45131D54}"
EndProject
Project("{9A19103F-16F7-4668-BE54-9A1E7A4F7556}") = "Appointment.Booking.Share", "src\modules\AppointmentBooking\src\Appointment.Booking.Share\Appointment.Booking.Share.csproj", "{86C93B5D-1A79-4D4A-A51D-994359CC1460}"
EndProject
Project("{9A19103F-16F7-4668-BE54-9A1E7A4F7556}") = "Appointment.Booking.Application.Tests", "src\modules\AppointmentBooking\test\Appointment.Booking.Application.Tests\Appointment.Booking.Application.Tests.csproj", "{CBC7F29E-C257-40CB-99A5-E8BB60905756}"
EndProject
Project("{9A19103F-16F7-4668-BE54-9A1E7A4F7556}") = "Appointment.Booking.Domain.Tests", "src\modules\AppointmentBooking\test\Appointment.Booking.Domain.Tests\Appointment.Booking.Domain.Tests.csproj", "{344E8295-0A71-4532-80BD-B5F060701290}"
EndProject
Project("{9A19103F-16F7-4668-BE54-9A1E7A4F7556}") = "Appointment.Booking.EntityFrameworkCore.Tests", "src\modules\AppointmentBooking\test\Appointment.Booking.EntityFrameworkCore.Tests\Appointment.Booking.EntityFrameworkCore.Tests.csproj", "{FCDB198E-114F-499E-AA2D-C26AD59D3E18}"
EndProject
Project("{9A19103F-16F7-4668-BE54-9A1E7A4F7556}") = "Appointment.Booking.TestBase", "src\modules\AppointmentBooking\test\Appointment.Booking.TestBase\Appointment.Booking.TestBase.csproj", "{96346ED2-4789-40CE-BFD2-4780B2601DFC}"
EndProject
Project("{2150E333-8FDC-42A3-9474-1A3956D46DE8}") = "Shared", "Shared", "{9A7B4FC6-1A5F-40B4-AB9E-2DF69C6C4915}"
EndProject
Project("{9A19103F-16F7-4668-BE54-9A1E7A4F7556}") = "Doctor.Appointment.Share", "src\Shared\Doctor.Appointment.Share\Doctor.Appointment.Share.csproj", "{1414EDF7-52ED-45B7-9621-687C99057980}"
EndProject
Project("{2150E333-8FDC-42A3-9474-1A3956D46DE8}") = "Notification", "Notification", "{9E4FE9C1-BBB4-4546-B7CA-DB715205FA60}"
EndProject
Project("{2150E333-8FDC-42A3-9474-1A3956D46DE8}") = "src", "src", "{D4BCC452-0EA8-405D-BB07-3F39D5536A46}"
EndProject
Project("{9A19103F-16F7-4668-BE54-9A1E7A4F7556}") = "Doctor.Appointment.Notification.Application", "src\modules\Notification\src\Doctor.Appointment.Notification.Application\Doctor.Appointment.Notification.Application.csproj", "{ADA44DCB-11B1-47E4-AB95-C02D25C12D67}"
EndProject
Project("{9A19103F-16F7-4668-BE54-9A1E7A4F7556}") = "Doctor.Appointment.Notification.HttpApi.Host", "src\modules\Notification\src\Doctor.Appointment.Notification.HttpApi.Host\Doctor.Appointment.Notification.HttpApi.Host.csproj", "{B20170E8-D415-4E90-9CB9-0324A4BF526E}"
EndProject
Project("{2150E333-8FDC-42A3-9474-1A3956D46DE8}") = "AppointmentManagement", "AppointmentManagement", "{8844E35F-33E1-4C76-849E-1F18FA4914BC}"
EndProject
Project("{2150E333-8FDC-42A3-9474-1A3956D46DE8}") = "Core", "Core", "{31223CCA-D264-4F99-9BB1-511665FA19BA}"
EndProject
Project("{2150E333-8FDC-42A3-9474-1A3956D46DE8}") = "Shell", "Shell", "{8841312D-7810-4EF2-AB29-DA9D32B65705}"
EndProject
Project("{9A19103F-16F7-4668-BE54-9A1E7A4F7556}") = "Appointment.Management.Application", "src\modules\AppointmentManagement\src\Core\Appointment.Management.Application\Appointment.Management.Application.csproj", "{A5BD0FF7-21C4-49D4-86C2-56D1F0989C4C}"
EndProject
Project("{9A19103F-16F7-4668-BE54-9A1E7A4F7556}") = "Appointment.Management.Application.Contracts", "src\modules\AppointmentManagement\src\Core\Appointment.Management.Application.Contracts\Appointment.Management.Application.Contracts.csproj", "{1768BE2A-F1D3-4E9C-945F-990CEAC49BD1}"
EndProject
Project("{9A19103F-16F7-4668-BE54-9A1E7A4F7556}") = "Appointment.Management.Domain", "src\modules\AppointmentManagement\src\Core\Appointment.Management.Domain\Appointment.Management.Domain.csproj", "{0393BAAB-C784-4208-8327-44F5F7A122DA}"
EndProject
Project("{9A19103F-16F7-4668-BE54-9A1E7A4F7556}") = "Appointment.Management.Domain.Shared", "src\modules\AppointmentManagement\src\Core\Appointment.Management.Domain.Shared\Appointment.Management.Domain.Shared.csproj", "{F307A234-7D5E-4D74-AD34-0E1F969267D8}"
EndProject
Project("{9A19103F-16F7-4668-BE54-9A1E7A4F7556}") = "Appointment.Management.EntityFrameworkCore", "src\modules\AppointmentManagement\src\Shell\Appointment.Management.EntityFrameworkCore\Appointment.Management.EntityFrameworkCore.csproj", "{B1C7FB89-2A38-4CCD-B862-4F6F85BB4CB4}"
EndProject
Project("{9A19103F-16F7-4668-BE54-9A1E7A4F7556}") = "Appointment.Management.HttpApi.Host", "src\modules\AppointmentManagement\src\Shell\Appointment.Management.HttpApi.Host\Appointment.Management.HttpApi.Host.csproj", "{63F5B799-D040-4F23-98C3-5C0FD89A88D8}"
EndProject
Project("{2150E333-8FDC-42A3-9474-1A3956D46DE8}") = "src", "src", "{EB17EBF1-0F3F-427E-916C-C0C15113FDBF}"
EndProject
Project("{FAE04EC0-301F-11D3-BF4B-00C04F79EFBC}") = "Appointment.Management.DbMigrator", "src\modules\AppointmentManagement\src\shell\Appointment.Management.DbMigrator\Appointment.Management.DbMigrator.csproj", "{86E77F97-10AA-10FE-6099-7C211210DDA3}"
EndProject
Global
	GlobalSection(SolutionConfigurationPlatforms) = preSolution
		Debug|Any CPU = Debug|Any CPU
		Release|Any CPU = Release|Any CPU
	EndGlobalSection
	GlobalSection(ProjectConfigurationPlatforms) = postSolution
		{64430A23-E2E0-471D-B9F9-31E4E4C834E8}.Debug|Any CPU.ActiveCfg = Debug|Any CPU
		{64430A23-E2E0-471D-B9F9-31E4E4C834E8}.Debug|Any CPU.Build.0 = Debug|Any CPU
		{64430A23-E2E0-471D-B9F9-31E4E4C834E8}.Release|Any CPU.ActiveCfg = Release|Any CPU
		{64430A23-E2E0-471D-B9F9-31E4E4C834E8}.Release|Any CPU.Build.0 = Release|Any CPU
		{63A8EB53-9107-4F89-9F89-9E8740868751}.Debug|Any CPU.ActiveCfg = Debug|Any CPU
		{63A8EB53-9107-4F89-9F89-9E8740868751}.Debug|Any CPU.Build.0 = Debug|Any CPU
		{63A8EB53-9107-4F89-9F89-9E8740868751}.Release|Any CPU.ActiveCfg = Release|Any CPU
		{63A8EB53-9107-4F89-9F89-9E8740868751}.Release|Any CPU.Build.0 = Release|Any CPU
		{C95B0820-0258-4993-AD9D-937D54F7C8AF}.Debug|Any CPU.ActiveCfg = Debug|Any CPU
		{C95B0820-0258-4993-AD9D-937D54F7C8AF}.Debug|Any CPU.Build.0 = Debug|Any CPU
		{C95B0820-0258-4993-AD9D-937D54F7C8AF}.Release|Any CPU.ActiveCfg = Release|Any CPU
		{C95B0820-0258-4993-AD9D-937D54F7C8AF}.Release|Any CPU.Build.0 = Release|Any CPU
		{9872C957-A54A-44DA-B54B-17DFBA5F72EE}.Debug|Any CPU.ActiveCfg = Debug|Any CPU
		{9872C957-A54A-44DA-B54B-17DFBA5F72EE}.Debug|Any CPU.Build.0 = Debug|Any CPU
		{9872C957-A54A-44DA-B54B-17DFBA5F72EE}.Release|Any CPU.ActiveCfg = Release|Any CPU
		{9872C957-A54A-44DA-B54B-17DFBA5F72EE}.Release|Any CPU.Build.0 = Release|Any CPU
		{2344B5AE-9DC3-4667-B877-D46AA6881D68}.Debug|Any CPU.ActiveCfg = Debug|Any CPU
		{2344B5AE-9DC3-4667-B877-D46AA6881D68}.Debug|Any CPU.Build.0 = Debug|Any CPU
		{2344B5AE-9DC3-4667-B877-D46AA6881D68}.Release|Any CPU.ActiveCfg = Release|Any CPU
		{2344B5AE-9DC3-4667-B877-D46AA6881D68}.Release|Any CPU.Build.0 = Release|Any CPU
		{00A8493E-5167-416E-8929-0C8A7A456899}.Debug|Any CPU.ActiveCfg = Debug|Any CPU
		{00A8493E-5167-416E-8929-0C8A7A456899}.Debug|Any CPU.Build.0 = Debug|Any CPU
		{00A8493E-5167-416E-8929-0C8A7A456899}.Release|Any CPU.ActiveCfg = Release|Any CPU
		{00A8493E-5167-416E-8929-0C8A7A456899}.Release|Any CPU.Build.0 = Release|Any CPU
		{F17298A8-EE10-47A8-B62C-424303301355}.Debug|Any CPU.ActiveCfg = Debug|Any CPU
		{F17298A8-EE10-47A8-B62C-424303301355}.Debug|Any CPU.Build.0 = Debug|Any CPU
		{F17298A8-EE10-47A8-B62C-424303301355}.Release|Any CPU.ActiveCfg = Release|Any CPU
		{F17298A8-EE10-47A8-B62C-424303301355}.Release|Any CPU.Build.0 = Release|Any CPU
		{E2CCA645-997C-4079-9B76-30221A67678E}.Debug|Any CPU.ActiveCfg = Debug|Any CPU
		{E2CCA645-997C-4079-9B76-30221A67678E}.Debug|Any CPU.Build.0 = Debug|Any CPU
		{E2CCA645-997C-4079-9B76-30221A67678E}.Release|Any CPU.ActiveCfg = Release|Any CPU
		{E2CCA645-997C-4079-9B76-30221A67678E}.Release|Any CPU.Build.0 = Release|Any CPU
		{7BAA5577-D735-4790-9C81-DA206565B1F5}.Debug|Any CPU.ActiveCfg = Debug|Any CPU
		{7BAA5577-D735-4790-9C81-DA206565B1F5}.Debug|Any CPU.Build.0 = Debug|Any CPU
		{7BAA5577-D735-4790-9C81-DA206565B1F5}.Release|Any CPU.ActiveCfg = Release|Any CPU
		{7BAA5577-D735-4790-9C81-DA206565B1F5}.Release|Any CPU.Build.0 = Release|Any CPU
		{2DC8171B-5220-4593-92B3-2DAF3E7C398F}.Debug|Any CPU.ActiveCfg = Debug|Any CPU
		{2DC8171B-5220-4593-92B3-2DAF3E7C398F}.Debug|Any CPU.Build.0 = Debug|Any CPU
		{2DC8171B-5220-4593-92B3-2DAF3E7C398F}.Release|Any CPU.ActiveCfg = Release|Any CPU
		{2DC8171B-5220-4593-92B3-2DAF3E7C398F}.Release|Any CPU.Build.0 = Release|Any CPU
		{11FF9C0D-0492-454C-B2F9-94E64AE0CD3C}.Debug|Any CPU.ActiveCfg = Debug|Any CPU
		{11FF9C0D-0492-454C-B2F9-94E64AE0CD3C}.Debug|Any CPU.Build.0 = Debug|Any CPU
		{11FF9C0D-0492-454C-B2F9-94E64AE0CD3C}.Release|Any CPU.ActiveCfg = Release|Any CPU
		{11FF9C0D-0492-454C-B2F9-94E64AE0CD3C}.Release|Any CPU.Build.0 = Release|Any CPU
		{C5D0E746-2C44-4159-B5DD-851244B7053E}.Debug|Any CPU.ActiveCfg = Debug|Any CPU
		{C5D0E746-2C44-4159-B5DD-851244B7053E}.Debug|Any CPU.Build.0 = Debug|Any CPU
		{C5D0E746-2C44-4159-B5DD-851244B7053E}.Release|Any CPU.ActiveCfg = Release|Any CPU
		{C5D0E746-2C44-4159-B5DD-851244B7053E}.Release|Any CPU.Build.0 = Release|Any CPU
		{ECC54996-0CEE-4E7C-81FE-325DA441A994}.Debug|Any CPU.ActiveCfg = Debug|Any CPU
		{ECC54996-0CEE-4E7C-81FE-325DA441A994}.Debug|Any CPU.Build.0 = Debug|Any CPU
		{ECC54996-0CEE-4E7C-81FE-325DA441A994}.Release|Any CPU.ActiveCfg = Release|Any CPU
		{ECC54996-0CEE-4E7C-81FE-325DA441A994}.Release|Any CPU.Build.0 = Release|Any CPU
		{56C0328B-A73A-40AE-8D8B-7ADE9A3BCF4A}.Debug|Any CPU.ActiveCfg = Debug|Any CPU
		{56C0328B-A73A-40AE-8D8B-7ADE9A3BCF4A}.Debug|Any CPU.Build.0 = Debug|Any CPU
		{56C0328B-A73A-40AE-8D8B-7ADE9A3BCF4A}.Release|Any CPU.ActiveCfg = Release|Any CPU
		{56C0328B-A73A-40AE-8D8B-7ADE9A3BCF4A}.Release|Any CPU.Build.0 = Release|Any CPU
		{675E777D-86FA-43E7-AFCC-01F71B04C8A7}.Debug|Any CPU.ActiveCfg = Debug|Any CPU
		{675E777D-86FA-43E7-AFCC-01F71B04C8A7}.Debug|Any CPU.Build.0 = Debug|Any CPU
		{675E777D-86FA-43E7-AFCC-01F71B04C8A7}.Release|Any CPU.ActiveCfg = Release|Any CPU
		{675E777D-86FA-43E7-AFCC-01F71B04C8A7}.Release|Any CPU.Build.0 = Release|Any CPU
		{7B168016-5976-40C5-BB73-DFE893E8CB23}.Debug|Any CPU.ActiveCfg = Debug|Any CPU
		{7B168016-5976-40C5-BB73-DFE893E8CB23}.Debug|Any CPU.Build.0 = Debug|Any CPU
		{7B168016-5976-40C5-BB73-DFE893E8CB23}.Release|Any CPU.ActiveCfg = Release|Any CPU
		{7B168016-5976-40C5-BB73-DFE893E8CB23}.Release|Any CPU.Build.0 = Release|Any CPU
		{B7555DAC-B42A-4D44-A93D-D0C933F700D8}.Debug|Any CPU.ActiveCfg = Debug|Any CPU
		{B7555DAC-B42A-4D44-A93D-D0C933F700D8}.Debug|Any CPU.Build.0 = Debug|Any CPU
		{B7555DAC-B42A-4D44-A93D-D0C933F700D8}.Release|Any CPU.ActiveCfg = Release|Any CPU
		{B7555DAC-B42A-4D44-A93D-D0C933F700D8}.Release|Any CPU.Build.0 = Release|Any CPU
		{EE3A9E2C-4D72-4141-ADDB-BBFE45131D54}.Debug|Any CPU.ActiveCfg = Debug|Any CPU
		{EE3A9E2C-4D72-4141-ADDB-BBFE45131D54}.Debug|Any CPU.Build.0 = Debug|Any CPU
		{EE3A9E2C-4D72-4141-ADDB-BBFE45131D54}.Release|Any CPU.ActiveCfg = Release|Any CPU
		{EE3A9E2C-4D72-4141-ADDB-BBFE45131D54}.Release|Any CPU.Build.0 = Release|Any CPU
		{86C93B5D-1A79-4D4A-A51D-994359CC1460}.Debug|Any CPU.ActiveCfg = Debug|Any CPU
		{86C93B5D-1A79-4D4A-A51D-994359CC1460}.Debug|Any CPU.Build.0 = Debug|Any CPU
		{86C93B5D-1A79-4D4A-A51D-994359CC1460}.Release|Any CPU.ActiveCfg = Release|Any CPU
		{86C93B5D-1A79-4D4A-A51D-994359CC1460}.Release|Any CPU.Build.0 = Release|Any CPU
		{CBC7F29E-C257-40CB-99A5-E8BB60905756}.Debug|Any CPU.ActiveCfg = Debug|Any CPU
		{CBC7F29E-C257-40CB-99A5-E8BB60905756}.Debug|Any CPU.Build.0 = Debug|Any CPU
		{CBC7F29E-C257-40CB-99A5-E8BB60905756}.Release|Any CPU.ActiveCfg = Release|Any CPU
		{CBC7F29E-C257-40CB-99A5-E8BB60905756}.Release|Any CPU.Build.0 = Release|Any CPU
		{344E8295-0A71-4532-80BD-B5F060701290}.Debug|Any CPU.ActiveCfg = Debug|Any CPU
		{344E8295-0A71-4532-80BD-B5F060701290}.Debug|Any CPU.Build.0 = Debug|Any CPU
		{344E8295-0A71-4532-80BD-B5F060701290}.Release|Any CPU.ActiveCfg = Release|Any CPU
		{344E8295-0A71-4532-80BD-B5F060701290}.Release|Any CPU.Build.0 = Release|Any CPU
		{FCDB198E-114F-499E-AA2D-C26AD59D3E18}.Debug|Any CPU.ActiveCfg = Debug|Any CPU
		{FCDB198E-114F-499E-AA2D-C26AD59D3E18}.Debug|Any CPU.Build.0 = Debug|Any CPU
		{FCDB198E-114F-499E-AA2D-C26AD59D3E18}.Release|Any CPU.ActiveCfg = Release|Any CPU
		{FCDB198E-114F-499E-AA2D-C26AD59D3E18}.Release|Any CPU.Build.0 = Release|Any CPU
		{96346ED2-4789-40CE-BFD2-4780B2601DFC}.Debug|Any CPU.ActiveCfg = Debug|Any CPU
		{96346ED2-4789-40CE-BFD2-4780B2601DFC}.Debug|Any CPU.Build.0 = Debug|Any CPU
		{96346ED2-4789-40CE-BFD2-4780B2601DFC}.Release|Any CPU.ActiveCfg = Release|Any CPU
		{96346ED2-4789-40CE-BFD2-4780B2601DFC}.Release|Any CPU.Build.0 = Release|Any CPU
		{1414EDF7-52ED-45B7-9621-687C99057980}.Debug|Any CPU.ActiveCfg = Debug|Any CPU
		{1414EDF7-52ED-45B7-9621-687C99057980}.Debug|Any CPU.Build.0 = Debug|Any CPU
		{1414EDF7-52ED-45B7-9621-687C99057980}.Release|Any CPU.ActiveCfg = Release|Any CPU
		{1414EDF7-52ED-45B7-9621-687C99057980}.Release|Any CPU.Build.0 = Release|Any CPU
		{ADA44DCB-11B1-47E4-AB95-C02D25C12D67}.Debug|Any CPU.ActiveCfg = Debug|Any CPU
		{ADA44DCB-11B1-47E4-AB95-C02D25C12D67}.Debug|Any CPU.Build.0 = Debug|Any CPU
		{ADA44DCB-11B1-47E4-AB95-C02D25C12D67}.Release|Any CPU.ActiveCfg = Release|Any CPU
		{ADA44DCB-11B1-47E4-AB95-C02D25C12D67}.Release|Any CPU.Build.0 = Release|Any CPU
		{B20170E8-D415-4E90-9CB9-0324A4BF526E}.Debug|Any CPU.ActiveCfg = Debug|Any CPU
		{B20170E8-D415-4E90-9CB9-0324A4BF526E}.Debug|Any CPU.Build.0 = Debug|Any CPU
		{B20170E8-D415-4E90-9CB9-0324A4BF526E}.Release|Any CPU.ActiveCfg = Release|Any CPU
		{B20170E8-D415-4E90-9CB9-0324A4BF526E}.Release|Any CPU.Build.0 = Release|Any CPU
		{A5BD0FF7-21C4-49D4-86C2-56D1F0989C4C}.Debug|Any CPU.ActiveCfg = Debug|Any CPU
		{A5BD0FF7-21C4-49D4-86C2-56D1F0989C4C}.Debug|Any CPU.Build.0 = Debug|Any CPU
		{A5BD0FF7-21C4-49D4-86C2-56D1F0989C4C}.Release|Any CPU.ActiveCfg = Release|Any CPU
		{A5BD0FF7-21C4-49D4-86C2-56D1F0989C4C}.Release|Any CPU.Build.0 = Release|Any CPU
		{1768BE2A-F1D3-4E9C-945F-990CEAC49BD1}.Debug|Any CPU.ActiveCfg = Debug|Any CPU
		{1768BE2A-F1D3-4E9C-945F-990CEAC49BD1}.Debug|Any CPU.Build.0 = Debug|Any CPU
		{1768BE2A-F1D3-4E9C-945F-990CEAC49BD1}.Release|Any CPU.ActiveCfg = Release|Any CPU
		{1768BE2A-F1D3-4E9C-945F-990CEAC49BD1}.Release|Any CPU.Build.0 = Release|Any CPU
		{0393BAAB-C784-4208-8327-44F5F7A122DA}.Debug|Any CPU.ActiveCfg = Debug|Any CPU
		{0393BAAB-C784-4208-8327-44F5F7A122DA}.Debug|Any CPU.Build.0 = Debug|Any CPU
		{0393BAAB-C784-4208-8327-44F5F7A122DA}.Release|Any CPU.ActiveCfg = Release|Any CPU
		{0393BAAB-C784-4208-8327-44F5F7A122DA}.Release|Any CPU.Build.0 = Release|Any CPU
		{F307A234-7D5E-4D74-AD34-0E1F969267D8}.Debug|Any CPU.ActiveCfg = Debug|Any CPU
		{F307A234-7D5E-4D74-AD34-0E1F969267D8}.Debug|Any CPU.Build.0 = Debug|Any CPU
		{F307A234-7D5E-4D74-AD34-0E1F969267D8}.Release|Any CPU.ActiveCfg = Release|Any CPU
		{F307A234-7D5E-4D74-AD34-0E1F969267D8}.Release|Any CPU.Build.0 = Release|Any CPU
		{B1C7FB89-2A38-4CCD-B862-4F6F85BB4CB4}.Debug|Any CPU.ActiveCfg = Debug|Any CPU
		{B1C7FB89-2A38-4CCD-B862-4F6F85BB4CB4}.Debug|Any CPU.Build.0 = Debug|Any CPU
		{B1C7FB89-2A38-4CCD-B862-4F6F85BB4CB4}.Release|Any CPU.ActiveCfg = Release|Any CPU
		{B1C7FB89-2A38-4CCD-B862-4F6F85BB4CB4}.Release|Any CPU.Build.0 = Release|Any CPU
		{63F5B799-D040-4F23-98C3-5C0FD89A88D8}.Debug|Any CPU.ActiveCfg = Debug|Any CPU
		{63F5B799-D040-4F23-98C3-5C0FD89A88D8}.Debug|Any CPU.Build.0 = Debug|Any CPU
		{63F5B799-D040-4F23-98C3-5C0FD89A88D8}.Release|Any CPU.ActiveCfg = Release|Any CPU
		{63F5B799-D040-4F23-98C3-5C0FD89A88D8}.Release|Any CPU.Build.0 = Release|Any CPU
		{86E77F97-10AA-10FE-6099-7C211210DDA3}.Debug|Any CPU.ActiveCfg = Debug|Any CPU
		{86E77F97-10AA-10FE-6099-7C211210DDA3}.Debug|Any CPU.Build.0 = Debug|Any CPU
		{86E77F97-10AA-10FE-6099-7C211210DDA3}.Release|Any CPU.ActiveCfg = Release|Any CPU
		{86E77F97-10AA-10FE-6099-7C211210DDA3}.Release|Any CPU.Build.0 = Release|Any CPU
	EndGlobalSection
	GlobalSection(SolutionProperties) = preSolution
		HideSolutionNode = FALSE
	EndGlobalSection
	GlobalSection(NestedProjects) = preSolution
		{64430A23-E2E0-471D-B9F9-31E4E4C834E8} = {48607D4E-25F8-467B-BF0B-C0638D8BDFDC}
		{93CAAE1B-501E-4E10-B30A-F27F63A0B8A9} = {FEFDF7E8-02E1-425F-92FA-EF122D91357F}
		{05D73BAF-BE88-47B2-B439-A9C4A878107A} = {93CAAE1B-501E-4E10-B30A-F27F63A0B8A9}
		{63A8EB53-9107-4F89-9F89-9E8740868751} = {05D73BAF-BE88-47B2-B439-A9C4A878107A}
		{C95B0820-0258-4993-AD9D-937D54F7C8AF} = {05D73BAF-BE88-47B2-B439-A9C4A878107A}
		{9872C957-A54A-44DA-B54B-17DFBA5F72EE} = {05D73BAF-BE88-47B2-B439-A9C4A878107A}
		{2344B5AE-9DC3-4667-B877-D46AA6881D68} = {05D73BAF-BE88-47B2-B439-A9C4A878107A}
		{00A8493E-5167-416E-8929-0C8A7A456899} = {05D73BAF-BE88-47B2-B439-A9C4A878107A}
		{5C0C0D1D-A1B6-49A9-9C80-7687A97469EB} = {93CAAE1B-501E-4E10-B30A-F27F63A0B8A9}
		{F17298A8-EE10-47A8-B62C-424303301355} = {5C0C0D1D-A1B6-49A9-9C80-7687A97469EB}
		{E2CCA645-997C-4079-9B76-30221A67678E} = {5C0C0D1D-A1B6-49A9-9C80-7687A97469EB}
		{7BAA5577-D735-4790-9C81-DA206565B1F5} = {5C0C0D1D-A1B6-49A9-9C80-7687A97469EB}
		{2DC8171B-5220-4593-92B3-2DAF3E7C398F} = {5C0C0D1D-A1B6-49A9-9C80-7687A97469EB}
		{11FF9C0D-0492-454C-B2F9-94E64AE0CD3C} = {05D73BAF-BE88-47B2-B439-A9C4A878107A}
		{C689C5E7-8333-46A7-84C5-67F60E728AF8} = {FEFDF7E8-02E1-425F-92FA-EF122D91357F}
		{2CCA7970-19DC-49D9-A873-68783FA1FB98} = {C689C5E7-8333-46A7-84C5-67F60E728AF8}
		{5A4A9CF2-BDD4-4991-8FD9-487882A1349B} = {C689C5E7-8333-46A7-84C5-67F60E728AF8}
		{C5D0E746-2C44-4159-B5DD-851244B7053E} = {2CCA7970-19DC-49D9-A873-68783FA1FB98}
		{ECC54996-0CEE-4E7C-81FE-325DA441A994} = {2CCA7970-19DC-49D9-A873-68783FA1FB98}
		{56C0328B-A73A-40AE-8D8B-7ADE9A3BCF4A} = {2CCA7970-19DC-49D9-A873-68783FA1FB98}
		{675E777D-86FA-43E7-AFCC-01F71B04C8A7} = {2CCA7970-19DC-49D9-A873-68783FA1FB98}
		{7B168016-5976-40C5-BB73-DFE893E8CB23} = {2CCA7970-19DC-49D9-A873-68783FA1FB98}
		{B7555DAC-B42A-4D44-A93D-D0C933F700D8} = {2CCA7970-19DC-49D9-A873-68783FA1FB98}
		{EE3A9E2C-4D72-4141-ADDB-BBFE45131D54} = {2CCA7970-19DC-49D9-A873-68783FA1FB98}
		{86C93B5D-1A79-4D4A-A51D-994359CC1460} = {2CCA7970-19DC-49D9-A873-68783FA1FB98}
		{CBC7F29E-C257-40CB-99A5-E8BB60905756} = {5A4A9CF2-BDD4-4991-8FD9-487882A1349B}
		{344E8295-0A71-4532-80BD-B5F060701290} = {5A4A9CF2-BDD4-4991-8FD9-487882A1349B}
		{FCDB198E-114F-499E-AA2D-C26AD59D3E18} = {5A4A9CF2-BDD4-4991-8FD9-487882A1349B}
		{96346ED2-4789-40CE-BFD2-4780B2601DFC} = {5A4A9CF2-BDD4-4991-8FD9-487882A1349B}
		{1414EDF7-52ED-45B7-9621-687C99057980} = {9A7B4FC6-1A5F-40B4-AB9E-2DF69C6C4915}
		{9E4FE9C1-BBB4-4546-B7CA-DB715205FA60} = {FEFDF7E8-02E1-425F-92FA-EF122D91357F}
		{D4BCC452-0EA8-405D-BB07-3F39D5536A46} = {9E4FE9C1-BBB4-4546-B7CA-DB715205FA60}
		{ADA44DCB-11B1-47E4-AB95-C02D25C12D67} = {D4BCC452-0EA8-405D-BB07-3F39D5536A46}
		{B20170E8-D415-4E90-9CB9-0324A4BF526E} = {D4BCC452-0EA8-405D-BB07-3F39D5536A46}
		{8844E35F-33E1-4C76-849E-1F18FA4914BC} = {FEFDF7E8-02E1-425F-92FA-EF122D91357F}
		{31223CCA-D264-4F99-9BB1-511665FA19BA} = {EB17EBF1-0F3F-427E-916C-C0C15113FDBF}
		{8841312D-7810-4EF2-AB29-DA9D32B65705} = {EB17EBF1-0F3F-427E-916C-C0C15113FDBF}
		{A5BD0FF7-21C4-49D4-86C2-56D1F0989C4C} = {31223CCA-D264-4F99-9BB1-511665FA19BA}
		{1768BE2A-F1D3-4E9C-945F-990CEAC49BD1} = {31223CCA-D264-4F99-9BB1-511665FA19BA}
		{0393BAAB-C784-4208-8327-44F5F7A122DA} = {31223CCA-D264-4F99-9BB1-511665FA19BA}
		{F307A234-7D5E-4D74-AD34-0E1F969267D8} = {31223CCA-D264-4F99-9BB1-511665FA19BA}
		{B1C7FB89-2A38-4CCD-B862-4F6F85BB4CB4} = {8841312D-7810-4EF2-AB29-DA9D32B65705}
		{63F5B799-D040-4F23-98C3-5C0FD89A88D8} = {8841312D-7810-4EF2-AB29-DA9D32B65705}
		{EB17EBF1-0F3F-427E-916C-C0C15113FDBF} = {8844E35F-33E1-4C76-849E-1F18FA4914BC}
		{86E77F97-10AA-10FE-6099-7C211210DDA3} = {8841312D-7810-4EF2-AB29-DA9D32B65705}
	EndGlobalSection
	GlobalSection(ExtensibilityGlobals) = postSolution
		SolutionGuid = {63E2660C-C1D9-4768-90FD-289F36581842}
	EndGlobalSection
EndGlobal
