
Microsoft Visual Studio Solution File, Format Version 12.00
# Visual Studio Version 17
VisualStudioVersion = 17.3.32611.2
MinimumVisualStudioVersion = 10.0.40219.1
Project("{9A19103F-16F7-4668-BE54-9A1E7A4F7556}") = "Appointment.Management.Application", "src\core\Appointment.Management.Application\Appointment.Management.Application.csproj", "{1A94A50E-06DC-43C1-80B5-B662820EC3EB}"
EndProject
Project("{2150E333-8FDC-42A3-9474-1A3956D46DE8}") = "src", "src", "{CA9AC87F-097E-4F15-8393-4BC07735A5B0}"
EndProject
Project("{2150E333-8FDC-42A3-9474-1A3956D46DE8}") = "test", "test", "{04DBDB01-70F4-4E06-B468-8F87850B22BE}"
EndProject
Project("{9A19103F-16F7-4668-BE54-9A1E7A4F7556}") = "Appointment.Management.Application.Tests", "test\Appointment.Management.Application.Tests\Appointment.Management.Application.Tests.csproj", "{50B2631D-129C-47B3-A587-029CCD6099BC}"
EndProject
Project("{9A19103F-16F7-4668-BE54-9A1E7A4F7556}") = "Appointment.Management.Domain.Shared", "src\core\Appointment.Management.Domain.Shared\Appointment.Management.Domain.Shared.csproj", "{42F719ED-8413-4895-B5B4-5AB56079BC66}"
EndProject
Project("{9A19103F-16F7-4668-BE54-9A1E7A4F7556}") = "Appointment.Management.Application.Contracts", "src\core\Appointment.Management.Application.Contracts\Appointment.Management.Application.Contracts.csproj", "{520659C8-C734-4298-A3DA-B539DB9DFC0B}"
EndProject
Project("{9A19103F-16F7-4668-BE54-9A1E7A4F7556}") = "Appointment.Management.EntityFrameworkCore.Tests", "test\Appointment.Management.EntityFrameworkCore.Tests\Appointment.Management.EntityFrameworkCore.Tests.csproj", "{1FE30EB9-74A9-47F5-A9F6-7B1FAB672D81}"
EndProject
Project("{9A19103F-16F7-4668-BE54-9A1E7A4F7556}") = "Appointment.Management.TestBase", "test\Appointment.Management.TestBase\Appointment.Management.TestBase.csproj", "{91853F21-9CD9-4132-BC29-A7D5D84FFFE7}"
EndProject
Project("{9A19103F-16F7-4668-BE54-9A1E7A4F7556}") = "Appointment.Management.Domain.Tests", "test\Appointment.Management.Domain.Tests\Appointment.Management.Domain.Tests.csproj", "{E512F4D9-9375-480F-A2F6-A46509F9D824}"
EndProject
Project("{9A19103F-16F7-4668-BE54-9A1E7A4F7556}") = "Appointment.Management.DbMigrator", "src\core\Appointment.Management.DbMigrator\Appointment.Management.DbMigrator.csproj", "{70680696-BB1E-4383-BCB2-42C3767171FB}"
EndProject
Project("{2150E333-8FDC-42A3-9474-1A3956D46DE8}") = "core", "core", "{6F5F1A64-0B1F-4207-9C2D-739AB8699653}"
EndProject
Project("{2150E333-8FDC-42A3-9474-1A3956D46DE8}") = "shell", "shell", "{85C6A308-8FA9-4544-B585-A89C3DF319CD}"
EndProject
Project("{9A19103F-16F7-4668-BE54-9A1E7A4F7556}") = "Appointment.Management.EntityFrameworkCore", "src\shell\Appointment.Management.EntityFrameworkCore\Appointment.Management.EntityFrameworkCore.csproj", "{0F55B215-7808-45E4-82D9-3F03601A653F}"
EndProject
Project("{9A19103F-16F7-4668-BE54-9A1E7A4F7556}") = "Appointment.Management.HttpApi.Host", "src\shell\Appointment.Management.HttpApi.Host\Appointment.Management.HttpApi.Host.csproj", "{5158CA98-63DC-41A8-AA5B-7E1D3E352EF2}"
EndProject
Project("{9A19103F-16F7-4668-BE54-9A1E7A4F7556}") = "Appointment.Management.Domain", "src\core\Appointment.Management.Domain\Appointment.Management.Domain.csproj", "{2F48516B-DBDC-44FD-ADC8-5DD90BED316D}"
EndProject
Global
	GlobalSection(SolutionConfigurationPlatforms) = preSolution
		Debug|Any CPU = Debug|Any CPU
		Release|Any CPU = Release|Any CPU
	EndGlobalSection
	GlobalSection(ProjectConfigurationPlatforms) = postSolution
		{1A94A50E-06DC-43C1-80B5-B662820EC3EB}.Debug|Any CPU.ActiveCfg = Debug|Any CPU
		{1A94A50E-06DC-43C1-80B5-B662820EC3EB}.Debug|Any CPU.Build.0 = Debug|Any CPU
		{1A94A50E-06DC-43C1-80B5-B662820EC3EB}.Release|Any CPU.ActiveCfg = Release|Any CPU
		{1A94A50E-06DC-43C1-80B5-B662820EC3EB}.Release|Any CPU.Build.0 = Release|Any CPU
		{50B2631D-129C-47B3-A587-029CCD6099BC}.Debug|Any CPU.ActiveCfg = Debug|Any CPU
		{50B2631D-129C-47B3-A587-029CCD6099BC}.Debug|Any CPU.Build.0 = Debug|Any CPU
		{50B2631D-129C-47B3-A587-029CCD6099BC}.Release|Any CPU.ActiveCfg = Release|Any CPU
		{50B2631D-129C-47B3-A587-029CCD6099BC}.Release|Any CPU.Build.0 = Release|Any CPU
		{42F719ED-8413-4895-B5B4-5AB56079BC66}.Debug|Any CPU.ActiveCfg = Debug|Any CPU
		{42F719ED-8413-4895-B5B4-5AB56079BC66}.Debug|Any CPU.Build.0 = Debug|Any CPU
		{42F719ED-8413-4895-B5B4-5AB56079BC66}.Release|Any CPU.ActiveCfg = Release|Any CPU
		{42F719ED-8413-4895-B5B4-5AB56079BC66}.Release|Any CPU.Build.0 = Release|Any CPU
		{520659C8-C734-4298-A3DA-B539DB9DFC0B}.Debug|Any CPU.ActiveCfg = Debug|Any CPU
		{520659C8-C734-4298-A3DA-B539DB9DFC0B}.Debug|Any CPU.Build.0 = Debug|Any CPU
		{520659C8-C734-4298-A3DA-B539DB9DFC0B}.Release|Any CPU.ActiveCfg = Release|Any CPU
		{520659C8-C734-4298-A3DA-B539DB9DFC0B}.Release|Any CPU.Build.0 = Release|Any CPU
		{1FE30EB9-74A9-47F5-A9F6-7B1FAB672D81}.Debug|Any CPU.ActiveCfg = Debug|Any CPU
		{1FE30EB9-74A9-47F5-A9F6-7B1FAB672D81}.Debug|Any CPU.Build.0 = Debug|Any CPU
		{1FE30EB9-74A9-47F5-A9F6-7B1FAB672D81}.Release|Any CPU.ActiveCfg = Release|Any CPU
		{1FE30EB9-74A9-47F5-A9F6-7B1FAB672D81}.Release|Any CPU.Build.0 = Release|Any CPU
		{91853F21-9CD9-4132-BC29-A7D5D84FFFE7}.Debug|Any CPU.ActiveCfg = Debug|Any CPU
		{91853F21-9CD9-4132-BC29-A7D5D84FFFE7}.Debug|Any CPU.Build.0 = Debug|Any CPU
		{91853F21-9CD9-4132-BC29-A7D5D84FFFE7}.Release|Any CPU.ActiveCfg = Release|Any CPU
		{91853F21-9CD9-4132-BC29-A7D5D84FFFE7}.Release|Any CPU.Build.0 = Release|Any CPU
		{E512F4D9-9375-480F-A2F6-A46509F9D824}.Debug|Any CPU.ActiveCfg = Debug|Any CPU
		{E512F4D9-9375-480F-A2F6-A46509F9D824}.Debug|Any CPU.Build.0 = Debug|Any CPU
		{E512F4D9-9375-480F-A2F6-A46509F9D824}.Release|Any CPU.ActiveCfg = Release|Any CPU
		{E512F4D9-9375-480F-A2F6-A46509F9D824}.Release|Any CPU.Build.0 = Release|Any CPU
		{70680696-BB1E-4383-BCB2-42C3767171FB}.Debug|Any CPU.ActiveCfg = Debug|Any CPU
		{70680696-BB1E-4383-BCB2-42C3767171FB}.Debug|Any CPU.Build.0 = Debug|Any CPU
		{70680696-BB1E-4383-BCB2-42C3767171FB}.Release|Any CPU.ActiveCfg = Release|Any CPU
		{70680696-BB1E-4383-BCB2-42C3767171FB}.Release|Any CPU.Build.0 = Release|Any CPU
		{0F55B215-7808-45E4-82D9-3F03601A653F}.Debug|Any CPU.ActiveCfg = Debug|Any CPU
		{0F55B215-7808-45E4-82D9-3F03601A653F}.Debug|Any CPU.Build.0 = Debug|Any CPU
		{0F55B215-7808-45E4-82D9-3F03601A653F}.Release|Any CPU.ActiveCfg = Release|Any CPU
		{0F55B215-7808-45E4-82D9-3F03601A653F}.Release|Any CPU.Build.0 = Release|Any CPU
		{5158CA98-63DC-41A8-AA5B-7E1D3E352EF2}.Debug|Any CPU.ActiveCfg = Debug|Any CPU
		{5158CA98-63DC-41A8-AA5B-7E1D3E352EF2}.Debug|Any CPU.Build.0 = Debug|Any CPU
		{5158CA98-63DC-41A8-AA5B-7E1D3E352EF2}.Release|Any CPU.ActiveCfg = Release|Any CPU
		{5158CA98-63DC-41A8-AA5B-7E1D3E352EF2}.Release|Any CPU.Build.0 = Release|Any CPU
		{2F48516B-DBDC-44FD-ADC8-5DD90BED316D}.Debug|Any CPU.ActiveCfg = Debug|Any CPU
		{2F48516B-DBDC-44FD-ADC8-5DD90BED316D}.Debug|Any CPU.Build.0 = Debug|Any CPU
		{2F48516B-DBDC-44FD-ADC8-5DD90BED316D}.Release|Any CPU.ActiveCfg = Release|Any CPU
		{2F48516B-DBDC-44FD-ADC8-5DD90BED316D}.Release|Any CPU.Build.0 = Release|Any CPU
	EndGlobalSection
	GlobalSection(SolutionProperties) = preSolution
		HideSolutionNode = FALSE
	EndGlobalSection
	GlobalSection(NestedProjects) = preSolution
		{1A94A50E-06DC-43C1-80B5-B662820EC3EB} = {6F5F1A64-0B1F-4207-9C2D-739AB8699653}
		{50B2631D-129C-47B3-A587-029CCD6099BC} = {04DBDB01-70F4-4E06-B468-8F87850B22BE}
		{42F719ED-8413-4895-B5B4-5AB56079BC66} = {6F5F1A64-0B1F-4207-9C2D-739AB8699653}
		{520659C8-C734-4298-A3DA-B539DB9DFC0B} = {6F5F1A64-0B1F-4207-9C2D-739AB8699653}
		{1FE30EB9-74A9-47F5-A9F6-7B1FAB672D81} = {04DBDB01-70F4-4E06-B468-8F87850B22BE}
		{91853F21-9CD9-4132-BC29-A7D5D84FFFE7} = {04DBDB01-70F4-4E06-B468-8F87850B22BE}
		{E512F4D9-9375-480F-A2F6-A46509F9D824} = {04DBDB01-70F4-4E06-B468-8F87850B22BE}
		{70680696-BB1E-4383-BCB2-42C3767171FB} = {6F5F1A64-0B1F-4207-9C2D-739AB8699653}
		{6F5F1A64-0B1F-4207-9C2D-739AB8699653} = {CA9AC87F-097E-4F15-8393-4BC07735A5B0}
		{85C6A308-8FA9-4544-B585-A89C3DF319CD} = {CA9AC87F-097E-4F15-8393-4BC07735A5B0}
		{0F55B215-7808-45E4-82D9-3F03601A653F} = {85C6A308-8FA9-4544-B585-A89C3DF319CD}
		{5158CA98-63DC-41A8-AA5B-7E1D3E352EF2} = {85C6A308-8FA9-4544-B585-A89C3DF319CD}
		{2F48516B-DBDC-44FD-ADC8-5DD90BED316D} = {6F5F1A64-0B1F-4207-9C2D-739AB8699653}
	EndGlobalSection
	GlobalSection(ExtensibilityGlobals) = postSolution
		SolutionGuid = {28315BFD-90E7-4E14-A2EA-F3D23AF4126F}
	EndGlobalSection
EndGlobal
